
Microsoft Visual Studio Solution File, Format Version 12.00
Project("{FAE04EC0-301F-11D3-BF4B-00C04F79EFBC}") = "UiService.Presentation", "UiService.Presentation\UiService.Presentation.csproj", "{4C794834-2AAA-4942-BD56-943A77C82317}"
EndProject
Project("{2150E333-8FDC-42A3-9474-1A3956D46DE8}") = "Presentation", "Presentation", "{820F3FB7-B049-4369-B6A9-E01AF120601F}"
EndProject
Project("{2150E333-8FDC-42A3-9474-1A3956D46DE8}") = "Domain", "Domain", "{C08D2031-404A-4B7B-84F8-17FCC426BBFD}"
EndProject
Project("{FAE04EC0-301F-11D3-BF4B-00C04F79EFBC}") = "UiService.Domain", "UiService.Domain\UiService.Domain.csproj", "{F3FBA1B8-4279-4292-B499-630F897DA012}"
EndProject
Project("{2150E333-8FDC-42A3-9474-1A3956D46DE8}") = "Application", "Application", "{D00712CD-105C-4038-8341-9D6DAE31C50E}"
EndProject
Project("{2150E333-8FDC-42A3-9474-1A3956D46DE8}") = "Infrastructure", "Infrastructure", "{95D5F686-6129-4B10-9ECE-6C979C51B124}"
EndProject
Project("{FAE04EC0-301F-11D3-BF4B-00C04F79EFBC}") = "UiService.Application", "UiService.Application\UiService.Application.csproj", "{A0D866CF-E665-409C-AE74-38A261EB58BE}"
EndProject
Project("{FAE04EC0-301F-11D3-BF4B-00C04F79EFBC}") = "UiService.Infrastructure", "UiService.Infrastructure\UiService.Infrastructure.csproj", "{42C5C467-5FF5-44C1-B3A3-083D004B3A7F}"
EndProject
Project("{FAE04EC0-301F-11D3-BF4B-00C04F79EFBC}") = "CommonResources", "..\Shared\CommonResources\CommonResources.csproj", "{D98D9BFB-BF7E-48D6-8DB1-AD679F6002DD}"
EndProject
Global
	GlobalSection(SolutionConfigurationPlatforms) = preSolution
		Debug|Any CPU = Debug|Any CPU
		Release|Any CPU = Release|Any CPU
	EndGlobalSection
	GlobalSection(ProjectConfigurationPlatforms) = postSolution
		{4C794834-2AAA-4942-BD56-943A77C82317}.Debug|Any CPU.ActiveCfg = Debug|Any CPU
		{4C794834-2AAA-4942-BD56-943A77C82317}.Debug|Any CPU.Build.0 = Debug|Any CPU
		{4C794834-2AAA-4942-BD56-943A77C82317}.Release|Any CPU.ActiveCfg = Release|Any CPU
		{4C794834-2AAA-4942-BD56-943A77C82317}.Release|Any CPU.Build.0 = Release|Any CPU
		{F3FBA1B8-4279-4292-B499-630F897DA012}.Debug|Any CPU.ActiveCfg = Debug|Any CPU
		{F3FBA1B8-4279-4292-B499-630F897DA012}.Debug|Any CPU.Build.0 = Debug|Any CPU
		{F3FBA1B8-4279-4292-B499-630F897DA012}.Release|Any CPU.ActiveCfg = Release|Any CPU
		{F3FBA1B8-4279-4292-B499-630F897DA012}.Release|Any CPU.Build.0 = Release|Any CPU
		{A0D866CF-E665-409C-AE74-38A261EB58BE}.Debug|Any CPU.ActiveCfg = Debug|Any CPU
		{A0D866CF-E665-409C-AE74-38A261EB58BE}.Debug|Any CPU.Build.0 = Debug|Any CPU
		{A0D866CF-E665-409C-AE74-38A261EB58BE}.Release|Any CPU.ActiveCfg = Release|Any CPU
		{A0D866CF-E665-409C-AE74-38A261EB58BE}.Release|Any CPU.Build.0 = Release|Any CPU
		{42C5C467-5FF5-44C1-B3A3-083D004B3A7F}.Debug|Any CPU.ActiveCfg = Debug|Any CPU
		{42C5C467-5FF5-44C1-B3A3-083D004B3A7F}.Debug|Any CPU.Build.0 = Debug|Any CPU
		{42C5C467-5FF5-44C1-B3A3-083D004B3A7F}.Release|Any CPU.ActiveCfg = Release|Any CPU
		{42C5C467-5FF5-44C1-B3A3-083D004B3A7F}.Release|Any CPU.Build.0 = Release|Any CPU
		{D98D9BFB-BF7E-48D6-8DB1-AD679F6002DD}.Debug|Any CPU.ActiveCfg = Debug|Any CPU
		{D98D9BFB-BF7E-48D6-8DB1-AD679F6002DD}.Debug|Any CPU.Build.0 = Debug|Any CPU
		{D98D9BFB-BF7E-48D6-8DB1-AD679F6002DD}.Release|Any CPU.ActiveCfg = Release|Any CPU
		{D98D9BFB-BF7E-48D6-8DB1-AD679F6002DD}.Release|Any CPU.Build.0 = Release|Any CPU
	EndGlobalSection
	GlobalSection(NestedProjects) = preSolution
		{4C794834-2AAA-4942-BD56-943A77C82317} = {820F3FB7-B049-4369-B6A9-E01AF120601F}
		{F3FBA1B8-4279-4292-B499-630F897DA012} = {C08D2031-404A-4B7B-84F8-17FCC426BBFD}
		{A0D866CF-E665-409C-AE74-38A261EB58BE} = {D00712CD-105C-4038-8341-9D6DAE31C50E}
		{42C5C467-5FF5-44C1-B3A3-083D004B3A7F} = {95D5F686-6129-4B10-9ECE-6C979C51B124}
	EndGlobalSection
EndGlobal
