
Microsoft Visual Studio Solution File, Format Version 12.00
# Visual Studio Version 17
VisualStudioVersion = 17.0.31903.59
MinimumVisualStudioVersion = 10.0.40219.1
Project("{FAE04EC0-301F-11D3-BF4B-00C04F79EFBC}") = "GitWise.Api", "GitWise.Api\GitWise.Api.csproj", "{077A6D53-7E3A-4B58-A22E-0506D3C3AB46}"
EndProject
Project("{FAE04EC0-301F-11D3-BF4B-00C04F79EFBC}") = "Gitwise.Domain", "Gitwise.Domain\Gitwise.Domain.csproj", "{A9DCBC28-4626-4BD5-A511-5F04F62EAFB8}"
EndProject
Project("{FAE04EC0-301F-11D3-BF4B-00C04F79EFBC}") = "GitWise.Infrastructure.Adapter.Github", "GitWise.Infrastructure.Adapter.Github\GitWise.Infrastructure.Adapter.Github.csproj", "{D615A0CA-9883-42F9-888E-4956214B6863}"
EndProject
Global
	GlobalSection(SolutionConfigurationPlatforms) = preSolution
		Debug|Any CPU = Debug|Any CPU
		Release|Any CPU = Release|Any CPU
	EndGlobalSection
	GlobalSection(SolutionProperties) = preSolution
		HideSolutionNode = FALSE
	EndGlobalSection
	GlobalSection(ProjectConfigurationPlatforms) = postSolution
		{077A6D53-7E3A-4B58-A22E-0506D3C3AB46}.Debug|Any CPU.ActiveCfg = Debug|Any CPU
		{077A6D53-7E3A-4B58-A22E-0506D3C3AB46}.Debug|Any CPU.Build.0 = Debug|Any CPU
		{077A6D53-7E3A-4B58-A22E-0506D3C3AB46}.Release|Any CPU.ActiveCfg = Release|Any CPU
		{077A6D53-7E3A-4B58-A22E-0506D3C3AB46}.Release|Any CPU.Build.0 = Release|Any CPU
		{A9DCBC28-4626-4BD5-A511-5F04F62EAFB8}.Debug|Any CPU.ActiveCfg = Debug|Any CPU
		{A9DCBC28-4626-4BD5-A511-5F04F62EAFB8}.Debug|Any CPU.Build.0 = Debug|Any CPU
		{A9DCBC28-4626-4BD5-A511-5F04F62EAFB8}.Release|Any CPU.ActiveCfg = Release|Any CPU
		{A9DCBC28-4626-4BD5-A511-5F04F62EAFB8}.Release|Any CPU.Build.0 = Release|Any CPU
		{D615A0CA-9883-42F9-888E-4956214B6863}.Debug|Any CPU.ActiveCfg = Debug|Any CPU
		{D615A0CA-9883-42F9-888E-4956214B6863}.Debug|Any CPU.Build.0 = Debug|Any CPU
		{D615A0CA-9883-42F9-888E-4956214B6863}.Release|Any CPU.ActiveCfg = Release|Any CPU
		{D615A0CA-9883-42F9-888E-4956214B6863}.Release|Any CPU.Build.0 = Release|Any CPU
	EndGlobalSection
EndGlobal
