
Microsoft Visual Studio Solution File, Format Version 12.00
# Visual Studio Version 17
VisualStudioVersion = 17.0.31903.59
MinimumVisualStudioVersion = 10.0.40219.1
Project("{FAE04EC0-301F-11D3-BF4B-00C04F79EFBC}") = "Gitwise.Api", "Gitwise.Api\Gitwise.Api.csproj", "{077A6D53-7E3A-4B58-A22E-0506D3C3AB46}"
EndProject
Project("{FAE04EC0-301F-11D3-BF4B-00C04F79EFBC}") = "SummaryEngine.Domain", "SummaryEngine.Domain\SummaryEngine.Domain.csproj", "{A9DCBC28-4626-4BD5-A511-5F04F62EAFB8}"
EndProject
Project("{FAE04EC0-301F-11D3-BF4B-00C04F79EFBC}") = "SummaryEngine.Infrastructure.Adapter.Github", "SummaryEngine.Infrastructure.Adapter.Github\SummaryEngine.Infrastructure.Adapter.Github.csproj", "{D615A0CA-9883-42F9-888E-4956214B6863}"
EndProject
Project("{2150E333-8FDC-42A3-9474-1A3956D46DE8}") = "Api", "Api", "{7F924793-0C18-4442-93FB-9CD448B79905}"
EndProject
Project("{2150E333-8FDC-42A3-9474-1A3956D46DE8}") = "Domain", "Domain", "{81F6796F-1017-42FB-A822-6C8ABFA6F995}"
EndProject
Project("{2150E333-8FDC-42A3-9474-1A3956D46DE8}") = "Infrastructure", "Infrastructure", "{BF79D4EC-35CB-40BD-B064-AEF4B0D5D042}"
EndProject
Project("{FAE04EC0-301F-11D3-BF4B-00C04F79EFBC}") = "SummaryEngine.Infrastructure.Azure.Ai", "SummaryEngine.Infrastructure.Azure.Ai\SummaryEngine.Infrastructure.Azure.Ai.csproj", "{3F4DDBDF-54DE-49E0-9470-2B486B707088}"
EndProject
Project("{2150E333-8FDC-42A3-9474-1A3956D46DE8}") = "Modules", "Modules", "{004AF0B1-AC88-46DB-93EB-6491C1BBDDD3}"
EndProject
Project("{2150E333-8FDC-42A3-9474-1A3956D46DE8}") = "SummaryEngine", "SummaryEngine", "{C5C5589D-A608-46AF-BC82-7FB68B93540C}"
EndProject
Project("{2150E333-8FDC-42A3-9474-1A3956D46DE8}") = "Application", "Application", "{6B13FA7C-A0AD-421D-A0DD-C33793EAF89B}"
EndProject
Project("{2150E333-8FDC-42A3-9474-1A3956D46DE8}") = "ControlPlane", "ControlPlane", "{C690BDFF-83BA-4196-8D43-83BF1B5DDE71}"
EndProject
Project("{2150E333-8FDC-42A3-9474-1A3956D46DE8}") = "Application", "Application", "{014A8822-7EB2-4170-BC98-A3A2F85E023C}"
EndProject
Project("{2150E333-8FDC-42A3-9474-1A3956D46DE8}") = "Domain", "Domain", "{E81AF178-58D7-468F-904B-C55036034293}"
EndProject
Project("{2150E333-8FDC-42A3-9474-1A3956D46DE8}") = "Infrastructure", "Infrastructure", "{8E32C95D-439D-4175-815F-F38CB5A3A2FD}"
EndProject
Project("{FAE04EC0-301F-11D3-BF4B-00C04F79EFBC}") = "ControlPlane.Infrastructure", "ControlPlane.Infrastructure\ControlPlane.Infrastructure.csproj", "{1353830D-7E98-4DBD-B1B7-09F63BAD5BF0}"
EndProject
Project("{FAE04EC0-301F-11D3-BF4B-00C04F79EFBC}") = "SummaryEngine.Application", "SummaryEngine.Application\SummaryEngine.Application.csproj", "{B173DEC8-8120-4CBB-95E1-29AC85E69F5F}"
EndProject
Project("{FAE04EC0-301F-11D3-BF4B-00C04F79EFBC}") = "ControlPlane.Application", "ControlPlane.Application\ControlPlane.Application.csproj", "{9B9428DA-4857-49C2-960E-4B0364787F7F}"
EndProject
Project("{FAE04EC0-301F-11D3-BF4B-00C04F79EFBC}") = "ControlPlane.Domain", "ControlPlane.Domain\ControlPlane.Domain.csproj", "{0330970D-BD53-4F92-B495-34BF72FAD7CA}"
EndProject
Project("{FAE04EC0-301F-11D3-BF4B-00C04F79EFBC}") = "CommonResources", "CommonResources\CommonResources.csproj", "{8910F4D8-226E-4355-ACAD-7EADF578A933}"
EndProject
Global
	GlobalSection(SolutionConfigurationPlatforms) = preSolution
		Debug|Any CPU = Debug|Any CPU
		Release|Any CPU = Release|Any CPU
	EndGlobalSection
	GlobalSection(SolutionProperties) = preSolution
		HideSolutionNode = FALSE
	EndGlobalSection
	GlobalSection(ProjectConfigurationPlatforms) = postSolution
		{077A6D53-7E3A-4B58-A22E-0506D3C3AB46}.Debug|Any CPU.ActiveCfg = Debug|Any CPU
		{077A6D53-7E3A-4B58-A22E-0506D3C3AB46}.Debug|Any CPU.Build.0 = Debug|Any CPU
		{077A6D53-7E3A-4B58-A22E-0506D3C3AB46}.Release|Any CPU.ActiveCfg = Release|Any CPU
		{077A6D53-7E3A-4B58-A22E-0506D3C3AB46}.Release|Any CPU.Build.0 = Release|Any CPU
		{A9DCBC28-4626-4BD5-A511-5F04F62EAFB8}.Debug|Any CPU.ActiveCfg = Debug|Any CPU
		{A9DCBC28-4626-4BD5-A511-5F04F62EAFB8}.Debug|Any CPU.Build.0 = Debug|Any CPU
		{A9DCBC28-4626-4BD5-A511-5F04F62EAFB8}.Release|Any CPU.ActiveCfg = Release|Any CPU
		{A9DCBC28-4626-4BD5-A511-5F04F62EAFB8}.Release|Any CPU.Build.0 = Release|Any CPU
		{D615A0CA-9883-42F9-888E-4956214B6863}.Debug|Any CPU.ActiveCfg = Debug|Any CPU
		{D615A0CA-9883-42F9-888E-4956214B6863}.Debug|Any CPU.Build.0 = Debug|Any CPU
		{D615A0CA-9883-42F9-888E-4956214B6863}.Release|Any CPU.ActiveCfg = Release|Any CPU
		{D615A0CA-9883-42F9-888E-4956214B6863}.Release|Any CPU.Build.0 = Release|Any CPU
		{3F4DDBDF-54DE-49E0-9470-2B486B707088}.Debug|Any CPU.ActiveCfg = Debug|Any CPU
		{3F4DDBDF-54DE-49E0-9470-2B486B707088}.Debug|Any CPU.Build.0 = Debug|Any CPU
		{3F4DDBDF-54DE-49E0-9470-2B486B707088}.Release|Any CPU.ActiveCfg = Release|Any CPU
		{3F4DDBDF-54DE-49E0-9470-2B486B707088}.Release|Any CPU.Build.0 = Release|Any CPU
		{1353830D-7E98-4DBD-B1B7-09F63BAD5BF0}.Debug|Any CPU.ActiveCfg = Debug|Any CPU
		{1353830D-7E98-4DBD-B1B7-09F63BAD5BF0}.Debug|Any CPU.Build.0 = Debug|Any CPU
		{1353830D-7E98-4DBD-B1B7-09F63BAD5BF0}.Release|Any CPU.ActiveCfg = Release|Any CPU
		{1353830D-7E98-4DBD-B1B7-09F63BAD5BF0}.Release|Any CPU.Build.0 = Release|Any CPU
		{B173DEC8-8120-4CBB-95E1-29AC85E69F5F}.Debug|Any CPU.ActiveCfg = Debug|Any CPU
		{B173DEC8-8120-4CBB-95E1-29AC85E69F5F}.Debug|Any CPU.Build.0 = Debug|Any CPU
		{B173DEC8-8120-4CBB-95E1-29AC85E69F5F}.Release|Any CPU.ActiveCfg = Release|Any CPU
		{B173DEC8-8120-4CBB-95E1-29AC85E69F5F}.Release|Any CPU.Build.0 = Release|Any CPU
		{9B9428DA-4857-49C2-960E-4B0364787F7F}.Debug|Any CPU.ActiveCfg = Debug|Any CPU
		{9B9428DA-4857-49C2-960E-4B0364787F7F}.Debug|Any CPU.Build.0 = Debug|Any CPU
		{9B9428DA-4857-49C2-960E-4B0364787F7F}.Release|Any CPU.ActiveCfg = Release|Any CPU
		{9B9428DA-4857-49C2-960E-4B0364787F7F}.Release|Any CPU.Build.0 = Release|Any CPU
		{0330970D-BD53-4F92-B495-34BF72FAD7CA}.Debug|Any CPU.ActiveCfg = Debug|Any CPU
		{0330970D-BD53-4F92-B495-34BF72FAD7CA}.Debug|Any CPU.Build.0 = Debug|Any CPU
		{0330970D-BD53-4F92-B495-34BF72FAD7CA}.Release|Any CPU.ActiveCfg = Release|Any CPU
		{0330970D-BD53-4F92-B495-34BF72FAD7CA}.Release|Any CPU.Build.0 = Release|Any CPU
		{8910F4D8-226E-4355-ACAD-7EADF578A933}.Debug|Any CPU.ActiveCfg = Debug|Any CPU
		{8910F4D8-226E-4355-ACAD-7EADF578A933}.Debug|Any CPU.Build.0 = Debug|Any CPU
		{8910F4D8-226E-4355-ACAD-7EADF578A933}.Release|Any CPU.ActiveCfg = Release|Any CPU
		{8910F4D8-226E-4355-ACAD-7EADF578A933}.Release|Any CPU.Build.0 = Release|Any CPU
	EndGlobalSection
	GlobalSection(NestedProjects) = preSolution
		{077A6D53-7E3A-4B58-A22E-0506D3C3AB46} = {7F924793-0C18-4442-93FB-9CD448B79905}
		{A9DCBC28-4626-4BD5-A511-5F04F62EAFB8} = {81F6796F-1017-42FB-A822-6C8ABFA6F995}
		{D615A0CA-9883-42F9-888E-4956214B6863} = {BF79D4EC-35CB-40BD-B064-AEF4B0D5D042}
		{3F4DDBDF-54DE-49E0-9470-2B486B707088} = {BF79D4EC-35CB-40BD-B064-AEF4B0D5D042}
		{C5C5589D-A608-46AF-BC82-7FB68B93540C} = {004AF0B1-AC88-46DB-93EB-6491C1BBDDD3}
		{81F6796F-1017-42FB-A822-6C8ABFA6F995} = {C5C5589D-A608-46AF-BC82-7FB68B93540C}
		{BF79D4EC-35CB-40BD-B064-AEF4B0D5D042} = {C5C5589D-A608-46AF-BC82-7FB68B93540C}
		{6B13FA7C-A0AD-421D-A0DD-C33793EAF89B} = {C5C5589D-A608-46AF-BC82-7FB68B93540C}
		{C690BDFF-83BA-4196-8D43-83BF1B5DDE71} = {004AF0B1-AC88-46DB-93EB-6491C1BBDDD3}
		{014A8822-7EB2-4170-BC98-A3A2F85E023C} = {C690BDFF-83BA-4196-8D43-83BF1B5DDE71}
		{E81AF178-58D7-468F-904B-C55036034293} = {C690BDFF-83BA-4196-8D43-83BF1B5DDE71}
		{8E32C95D-439D-4175-815F-F38CB5A3A2FD} = {C690BDFF-83BA-4196-8D43-83BF1B5DDE71}
		{1353830D-7E98-4DBD-B1B7-09F63BAD5BF0} = {8E32C95D-439D-4175-815F-F38CB5A3A2FD}
		{B173DEC8-8120-4CBB-95E1-29AC85E69F5F} = {6B13FA7C-A0AD-421D-A0DD-C33793EAF89B}
		{9B9428DA-4857-49C2-960E-4B0364787F7F} = {014A8822-7EB2-4170-BC98-A3A2F85E023C}
		{0330970D-BD53-4F92-B495-34BF72FAD7CA} = {E81AF178-58D7-468F-904B-C55036034293}
	EndGlobalSection
EndGlobal
